# generated by rye
# use `rye lock` or `rye sync` to update this lockfile
#
# last locked with the following flags:
#   pre: false
#   features: []
#   all-features: false
#   with-sources: false

-e file:.
click==8.1.7
    # via flask
flask==2.2.5
    # via autonomous
geographiclib==2.0
    # via autonomous
importlib-metadata==6.7.0
    # via click
    # via flask
itsdangerous==2.1.2
    # via flask
jinja2==3.1.4
    # via flask
loguru==0.7.2
    # via autonomous
markupsafe==2.1.5
    # via jinja2
    # via werkzeug
numpy==1.21.6
    # via opencv-python
opencv-python==4.9.0.80
    # via autonomous
typing-extensions==4.7.1
    # via importlib-metadata
werkzeug==2.2.3
    # via flask
zipp==3.15.0
    # via importlib-metadata
